
Microsoft Visual Studio Solution File, Format Version 12.00
# Visual Studio Version 17
VisualStudioVersion = 17.3.32929.385
MinimumVisualStudioVersion = 10.0.40219.1
Project("{FAE04EC0-301F-11D3-BF4B-00C04F79EFBC}") = "BE-Mascotas", "BE-Mascotas\BE-Mascotas.csproj", "{23914848-8643-4355-88CD-2EBE2E7A6381}"
EndProject
Global
	GlobalSection(SolutionConfigurationPlatforms) = preSolution
		Debug|Any CPU = Debug|Any CPU
		Release|Any CPU = Release|Any CPU
	EndGlobalSection
	GlobalSection(ProjectConfigurationPlatforms) = postSolution
		{23914848-8643-4355-88CD-2EBE2E7A6381}.Debug|Any CPU.ActiveCfg = Debug|Any CPU
		{23914848-8643-4355-88CD-2EBE2E7A6381}.Debug|Any CPU.Build.0 = Debug|Any CPU
		{23914848-8643-4355-88CD-2EBE2E7A6381}.Release|Any CPU.ActiveCfg = Release|Any CPU
		{23914848-8643-4355-88CD-2EBE2E7A6381}.Release|Any CPU.Build.0 = Release|Any CPU
	EndGlobalSection
	GlobalSection(SolutionProperties) = preSolution
		HideSolutionNode = FALSE
	EndGlobalSection
	GlobalSection(ExtensibilityGlobals) = postSolution
		SolutionGuid = {BF4DD9FF-0F3F-406A-B203-AE4CDBC26AD5}
	EndGlobalSection
EndGlobal
